// !$*UTF8*$!
{
	archiveVersion = 1;
	classes = {
	};
	objectVersion = 46;
	objects = {

/* Begin PBXBuildFile section */
		04DAF3E616F4A8C400E8031C /* LQMessageViewController.m in Sources */ = {isa = PBXBuildFile; fileRef = 04DAF3E416F4A8C400E8031C /* LQMessageViewController.m */; };
		04DAF3E716F4A8C400E8031C /* LQMessageViewController.xib in Resources */ = {isa = PBXBuildFile; fileRef = 04DAF3E516F4A8C400E8031C /* LQMessageViewController.xib */; };
		04DE8EB016EF956000B4A58F /* UIKit.framework in Frameworks */ = {isa = PBXBuildFile; fileRef = 04DE8EAF16EF956000B4A58F /* UIKit.framework */; };
		04DE8EB216EF956000B4A58F /* Foundation.framework in Frameworks */ = {isa = PBXBuildFile; fileRef = 04DE8EB116EF956000B4A58F /* Foundation.framework */; };
		04DE8EB416EF956000B4A58F /* CoreGraphics.framework in Frameworks */ = {isa = PBXBuildFile; fileRef = 04DE8EB316EF956000B4A58F /* CoreGraphics.framework */; };
		04DE8EBA16EF956000B4A58F /* InfoPlist.strings in Resources */ = {isa = PBXBuildFile; fileRef = 04DE8EB816EF956000B4A58F /* InfoPlist.strings */; };
		04DE8EBC16EF956100B4A58F /* main.m in Sources */ = {isa = PBXBuildFile; fileRef = 04DE8EBB16EF956000B4A58F /* main.m */; };
		04DE8EC016EF956100B4A58F /* LQAppDelegate.m in Sources */ = {isa = PBXBuildFile; fileRef = 04DE8EBF16EF956100B4A58F /* LQAppDelegate.m */; };
		04DE8EC216EF956100B4A58F /* Default.png in Resources */ = {isa = PBXBuildFile; fileRef = 04DE8EC116EF956100B4A58F /* Default.png */; };
		04DE8EC416EF956100B4A58F /* Default@2x.png in Resources */ = {isa = PBXBuildFile; fileRef = 04DE8EC316EF956100B4A58F /* Default@2x.png */; };
		04DE8EC616EF956100B4A58F /* Default-568h@2x.png in Resources */ = {isa = PBXBuildFile; fileRef = 04DE8EC516EF956100B4A58F /* Default-568h@2x.png */; };
		04DE8EC916EF956100B4A58F /* MainStoryboard.storyboard in Resources */ = {isa = PBXBuildFile; fileRef = 04DE8EC716EF956100B4A58F /* MainStoryboard.storyboard */; };
		04DE8ECC16EF956100B4A58F /* LQViewController.m in Sources */ = {isa = PBXBuildFile; fileRef = 04DE8ECB16EF956100B4A58F /* LQViewController.m */; };
		04DE8ED816EF9A2400B4A58F /* PPRevealSideViewController.m in Sources */ = {isa = PBXBuildFile; fileRef = 04DE8ED716EF9A2400B4A58F /* PPRevealSideViewController.m */; };
		04DE8EDA16EF9B8100B4A58F /* View.xib in Resources */ = {isa = PBXBuildFile; fileRef = 04DE8ED916EF9B8100B4A58F /* View.xib */; };
		04DFF6E416F4648100C1B28C /* bg-addbutton-highlighted.png in Resources */ = {isa = PBXBuildFile; fileRef = 04DFF6D616F4648100C1B28C /* bg-addbutton-highlighted.png */; };
		04DFF6E516F4648100C1B28C /* bg-addbutton-highlighted@2x.png in Resources */ = {isa = PBXBuildFile; fileRef = 04DFF6D716F4648100C1B28C /* bg-addbutton-highlighted@2x.png */; };
		04DFF6E616F4648100C1B28C /* bg-addbutton.png in Resources */ = {isa = PBXBuildFile; fileRef = 04DFF6D816F4648100C1B28C /* bg-addbutton.png */; };
		04DFF6E716F4648100C1B28C /* bg-addbutton@2x.png in Resources */ = {isa = PBXBuildFile; fileRef = 04DFF6D916F4648100C1B28C /* bg-addbutton@2x.png */; };
		04DFF6E816F4648100C1B28C /* bg-menuitem-highlighted.png in Resources */ = {isa = PBXBuildFile; fileRef = 04DFF6DA16F4648100C1B28C /* bg-menuitem-highlighted.png */; };
		04DFF6E916F4648100C1B28C /* bg-menuitem-highlighted@2x.png in Resources */ = {isa = PBXBuildFile; fileRef = 04DFF6DB16F4648100C1B28C /* bg-menuitem-highlighted@2x.png */; };
		04DFF6EA16F4648100C1B28C /* bg-menuitem.png in Resources */ = {isa = PBXBuildFile; fileRef = 04DFF6DC16F4648100C1B28C /* bg-menuitem.png */; };
		04DFF6EB16F4648100C1B28C /* bg-menuitem@2x.png in Resources */ = {isa = PBXBuildFile; fileRef = 04DFF6DD16F4648100C1B28C /* bg-menuitem@2x.png */; };
		04DFF6EC16F4648100C1B28C /* icon-plus-highlighted.png in Resources */ = {isa = PBXBuildFile; fileRef = 04DFF6DE16F4648100C1B28C /* icon-plus-highlighted.png */; };
		04DFF6ED16F4648100C1B28C /* icon-plus-highlighted@2x.png in Resources */ = {isa = PBXBuildFile; fileRef = 04DFF6DF16F4648100C1B28C /* icon-plus-highlighted@2x.png */; };
		04DFF6EE16F4648100C1B28C /* icon-plus.png in Resources */ = {isa = PBXBuildFile; fileRef = 04DFF6E016F4648100C1B28C /* icon-plus.png */; };
		04DFF6EF16F4648100C1B28C /* icon-plus@2x.png in Resources */ = {isa = PBXBuildFile; fileRef = 04DFF6E116F4648100C1B28C /* icon-plus@2x.png */; };
		04DFF6F016F4648100C1B28C /* icon-star.png in Resources */ = {isa = PBXBuildFile; fileRef = 04DFF6E216F4648100C1B28C /* icon-star.png */; };
		04DFF6F116F4648100C1B28C /* icon-star@2x.png in Resources */ = {isa = PBXBuildFile; fileRef = 04DFF6E316F4648100C1B28C /* icon-star@2x.png */; };
		04DFF6F816F464E600C1B28C /* AwesomeMenu.m in Sources */ = {isa = PBXBuildFile; fileRef = 04DFF6F516F464E600C1B28C /* AwesomeMenu.m */; };
		04DFF6F916F464E600C1B28C /* AwesomeMenuItem.m in Sources */ = {isa = PBXBuildFile; fileRef = 04DFF6F716F464E600C1B28C /* AwesomeMenuItem.m */; };
		04DFF6FB16F4679A00C1B28C /* QuartzCore.framework in Frameworks */ = {isa = PBXBuildFile; fileRef = 04DFF6FA16F4679A00C1B28C /* QuartzCore.framework */; };
		04FED87A16F0E28A001F19E3 /* LQMenuViewController.m in Sources */ = {isa = PBXBuildFile; fileRef = 04FED87816F0E28A001F19E3 /* LQMenuViewController.m */; };
		04FED87B16F0E28A001F19E3 /* LQMenuViewController.xib in Resources */ = {isa = PBXBuildFile; fileRef = 04FED87916F0E28A001F19E3 /* LQMenuViewController.xib */; };
		04FED88216F0E486001F19E3 /* LQSetupViewController.m in Sources */ = {isa = PBXBuildFile; fileRef = 04FED88016F0E486001F19E3 /* LQSetupViewController.m */; };
		04FED88316F0E486001F19E3 /* LQSetupViewController.xib in Resources */ = {isa = PBXBuildFile; fileRef = 04FED88116F0E486001F19E3 /* LQSetupViewController.xib */; };
		04FED88516F0E9DB001F19E3 /* README.md in Resources */ = {isa = PBXBuildFile; fileRef = 04FED88416F0E9DB001F19E3 /* README.md */; };
		6E01799C16FAE0C7009EBA07 /* adExample_i5@2x.PNG in Resources */ = {isa = PBXBuildFile; fileRef = 6E01799B16FAE0C7009EBA07 /* adExample_i5@2x.PNG */; };
		6E01799E16FAE12B009EBA07 /* adExample_i5.PNG in Resources */ = {isa = PBXBuildFile; fileRef = 6E01799D16FAE12B009EBA07 /* adExample_i5.PNG */; };
		6E0179AA16FB14DE009EBA07 /* setup@2x.png in Resources */ = {isa = PBXBuildFile; fileRef = 6E0179A816FB14DD009EBA07 /* setup@2x.png */; };
		6E0179AB16FB14DE009EBA07 /* setup.png in Resources */ = {isa = PBXBuildFile; fileRef = 6E0179A916FB14DD009EBA07 /* setup.png */; };
		6E0179AE16FB1A39009EBA07 /* feedBtn@2x.png in Resources */ = {isa = PBXBuildFile; fileRef = 6E0179AC16FB1A39009EBA07 /* feedBtn@2x.png */; };
		6E0179AF16FB1A39009EBA07 /* feedBtn.png in Resources */ = {isa = PBXBuildFile; fileRef = 6E0179AD16FB1A39009EBA07 /* feedBtn.png */; };
		6E09652116F31C3C0049E1E9 /* menuTable_bg@2x.png in Resources */ = {isa = PBXBuildFile; fileRef = 6E09651F16F31C3C0049E1E9 /* menuTable_bg@2x.png */; };
		6E09652216F31C3C0049E1E9 /* menuTable_bg.png in Resources */ = {isa = PBXBuildFile; fileRef = 6E09652016F31C3C0049E1E9 /* menuTable_bg.png */; };
		6E09652516F3214E0049E1E9 /* cell_icon.png in Resources */ = {isa = PBXBuildFile; fileRef = 6E09652316F3214E0049E1E9 /* cell_icon.png */; };
		6E09652616F3214E0049E1E9 /* cell_icon@2x.png in Resources */ = {isa = PBXBuildFile; fileRef = 6E09652416F3214E0049E1E9 /* cell_icon@2x.png */; };
		6E0B9F3C16F6E9F200EA3115 /* myUsername_btn@2x.png in Resources */ = {isa = PBXBuildFile; fileRef = 6E0B9F3A16F6E9F100EA3115 /* myUsername_btn@2x.png */; };
		6E0B9F3D16F6E9F200EA3115 /* myUsername_btn.png in Resources */ = {isa = PBXBuildFile; fileRef = 6E0B9F3B16F6E9F200EA3115 /* myUsername_btn.png */; };
		6E0B9F4516F6F61A00EA3115 /* banner@2x.png in Resources */ = {isa = PBXBuildFile; fileRef = 6E0B9F4316F6F61900EA3115 /* banner@2x.png */; };
		6E0B9F4616F6F61A00EA3115 /* banner.png in Resources */ = {isa = PBXBuildFile; fileRef = 6E0B9F4416F6F61900EA3115 /* banner.png */; };
		6E0B9F4B16F6FF7900EA3115 /* left_navItem@2x.png in Resources */ = {isa = PBXBuildFile; fileRef = 6E0B9F4716F6FF7900EA3115 /* left_navItem@2x.png */; };
		6E0B9F4C16F6FF7900EA3115 /* right_navItem.png in Resources */ = {isa = PBXBuildFile; fileRef = 6E0B9F4816F6FF7900EA3115 /* right_navItem.png */; };
		6E0B9F4D16F6FF7900EA3115 /* left_navItem.png in Resources */ = {isa = PBXBuildFile; fileRef = 6E0B9F4916F6FF7900EA3115 /* left_navItem.png */; };
		6E0B9F4E16F6FF7900EA3115 /* right_navItem@2x.png in Resources */ = {isa = PBXBuildFile; fileRef = 6E0B9F4A16F6FF7900EA3115 /* right_navItem@2x.png */; };
		6E0B9F5116F7057600EA3115 /* _left_navItem.png in Resources */ = {isa = PBXBuildFile; fileRef = 6E0B9F4F16F7057600EA3115 /* _left_navItem.png */; };
		6E0B9F5216F7057600EA3115 /* _left_navItem@2x.png in Resources */ = {isa = PBXBuildFile; fileRef = 6E0B9F5016F7057600EA3115 /* _left_navItem@2x.png */; };
		6E0B9F5516F70BE200EA3115 /* _right_navItem@2x.png in Resources */ = {isa = PBXBuildFile; fileRef = 6E0B9F5316F70BE100EA3115 /* _right_navItem@2x.png */; };
		6E0B9F5616F70BE200EA3115 /* _right_navItem.png in Resources */ = {isa = PBXBuildFile; fileRef = 6E0B9F5416F70BE200EA3115 /* _right_navItem.png */; };
		6E0B9F5916F7110E00EA3115 /* rightTopSearch.png in Resources */ = {isa = PBXBuildFile; fileRef = 6E0B9F5716F7110E00EA3115 /* rightTopSearch.png */; };
		6E0B9F5A16F7110E00EA3115 /* rightTopSearch@2x.png in Resources */ = {isa = PBXBuildFile; fileRef = 6E0B9F5816F7110E00EA3115 /* rightTopSearch@2x.png */; };
		6E0B9F7516F7138600EA3115 /* roundIcon1.png in Resources */ = {isa = PBXBuildFile; fileRef = 6E0B9F7016F7138600EA3115 /* roundIcon1.png */; };
		6E0B9F7616F7138600EA3115 /* roundIcon4.png in Resources */ = {isa = PBXBuildFile; fileRef = 6E0B9F7116F7138600EA3115 /* roundIcon4.png */; };
		6E0B9F7716F7138600EA3115 /* roundIcon5.png in Resources */ = {isa = PBXBuildFile; fileRef = 6E0B9F7216F7138600EA3115 /* roundIcon5.png */; };
		6E0B9F7816F7138600EA3115 /* roundIcon3.png in Resources */ = {isa = PBXBuildFile; fileRef = 6E0B9F7316F7138600EA3115 /* roundIcon3.png */; };
		6E0B9F7916F7138600EA3115 /* roundIcon2.png in Resources */ = {isa = PBXBuildFile; fileRef = 6E0B9F7416F7138600EA3115 /* roundIcon2.png */; };
		6E0B9F7F16F7138E00EA3115 /* roundIcon4@2x.png in Resources */ = {isa = PBXBuildFile; fileRef = 6E0B9F7A16F7138E00EA3115 /* roundIcon4@2x.png */; };
		6E0B9F8016F7138E00EA3115 /* roundIcon5@2x.png in Resources */ = {isa = PBXBuildFile; fileRef = 6E0B9F7B16F7138E00EA3115 /* roundIcon5@2x.png */; };
		6E0B9F8116F7138E00EA3115 /* roundIcon1@2x.png in Resources */ = {isa = PBXBuildFile; fileRef = 6E0B9F7C16F7138E00EA3115 /* roundIcon1@2x.png */; };
		6E0B9F8216F7138E00EA3115 /* roundIcon2@2x.png in Resources */ = {isa = PBXBuildFile; fileRef = 6E0B9F7D16F7138E00EA3115 /* roundIcon2@2x.png */; };
		6E0B9F8316F7138E00EA3115 /* roundIcon3@2x.png in Resources */ = {isa = PBXBuildFile; fileRef = 6E0B9F7E16F7138E00EA3115 /* roundIcon3@2x.png */; };
		6E0D0CB116F1CC20002C264A /* menuCell_bg.png in Resources */ = {isa = PBXBuildFile; fileRef = 6E0D0CAF16F1CC20002C264A /* menuCell_bg.png */; };
		6E0D0CB216F1CC20002C264A /* menuCell_bg@2x.png in Resources */ = {isa = PBXBuildFile; fileRef = 6E0D0CB016F1CC20002C264A /* menuCell_bg@2x.png */; };
		6E0D0CB516F1D02C002C264A /* menuCell_separator.png in Resources */ = {isa = PBXBuildFile; fileRef = 6E0D0CB316F1D02C002C264A /* menuCell_separator.png */; };
		6E0D0CB616F1D02C002C264A /* menuCell_separator@2x.png in Resources */ = {isa = PBXBuildFile; fileRef = 6E0D0CB416F1D02C002C264A /* menuCell_separator@2x.png */; };
		6E28DCA716F9CD000035F100 /* refresh@2x.png in Resources */ = {isa = PBXBuildFile; fileRef = 6E28DCA516F9CD000035F100 /* refresh@2x.png */; };
		6E28DCA816F9CD000035F100 /* refresh.png in Resources */ = {isa = PBXBuildFile; fileRef = 6E28DCA616F9CD000035F100 /* refresh.png */; };
		6E28DCAA16F9D7520035F100 /* AudioToolbox.framework in Frameworks */ = {isa = PBXBuildFile; fileRef = 6E28DCA916F9D7520035F100 /* AudioToolbox.framework */; };
		6E28DCAD16F9DED70035F100 /* nav_in.aif in Resources */ = {isa = PBXBuildFile; fileRef = 6E28DCAB16F9DED70035F100 /* nav_in.aif */; };
		6E28DCAE16F9DED70035F100 /* nav_out.aif in Resources */ = {isa = PBXBuildFile; fileRef = 6E28DCAC16F9DED70035F100 /* nav_out.aif */; };
		6E689F0916FD596E00BE6668 /* LQNotify.m in Sources */ = {isa = PBXBuildFile; fileRef = 6E689F0816FD596E00BE6668 /* LQNotify.m */; };
		6E77320F16F95D24001E9DB2 /* banjizhuye@2x.png in Resources */ = {isa = PBXBuildFile; fileRef = 6E77320D16F95D24001E9DB2 /* banjizhuye@2x.png */; };
		6E77321016F95D24001E9DB2 /* banjizhuye.png in Resources */ = {isa = PBXBuildFile; fileRef = 6E77320E16F95D24001E9DB2 /* banjizhuye.png */; };
		6E77321416F95EB6001E9DB2 /* banjichengyuan@2x.png in Resources */ = {isa = PBXBuildFile; fileRef = 6E77321216F95EB6001E9DB2 /* banjichengyuan@2x.png */; };
		6E77321516F95EB6001E9DB2 /* banjichengyuan.png in Resources */ = {isa = PBXBuildFile; fileRef = 6E77321316F95EB6001E9DB2 /* banjichengyuan.png */; };
		6E77321A16F9623C001E9DB2 /* _right_inputBtn.png in Resources */ = {isa = PBXBuildFile; fileRef = 6E77321616F9623C001E9DB2 /* _right_inputBtn.png */; };
		6E77321B16F9623C001E9DB2 /* _right_inputBtn@2x.png in Resources */ = {isa = PBXBuildFile; fileRef = 6E77321716F9623C001E9DB2 /* _right_inputBtn@2x.png */; };
		6E77321C16F9623C001E9DB2 /* right_inputBtn.png in Resources */ = {isa = PBXBuildFile; fileRef = 6E77321816F9623C001E9DB2 /* right_inputBtn.png */; };
		6E77321D16F9623C001E9DB2 /* right_inputBtn@2x.png in Resources */ = {isa = PBXBuildFile; fileRef = 6E77321916F9623C001E9DB2 /* right_inputBtn@2x.png */; };
		6E77322016F9657B001E9DB2 /* banji_bg@2x.png in Resources */ = {isa = PBXBuildFile; fileRef = 6E77321E16F9657A001E9DB2 /* banji_bg@2x.png */; };
		6E77322116F9657B001E9DB2 /* banji_bg.png in Resources */ = {isa = PBXBuildFile; fileRef = 6E77321F16F9657B001E9DB2 /* banji_bg.png */; };
		6E77322416F9A043001E9DB2 /* indexCell_separator@2x.png in Resources */ = {isa = PBXBuildFile; fileRef = 6E77322216F9A043001E9DB2 /* indexCell_separator@2x.png */; };
		6E77322516F9A043001E9DB2 /* indexCell_separator.png in Resources */ = {isa = PBXBuildFile; fileRef = 6E77322316F9A043001E9DB2 /* indexCell_separator.png */; };
		6E77322816F9A4D5001E9DB2 /* homePage_bg.png in Resources */ = {isa = PBXBuildFile; fileRef = 6E77322616F9A4D5001E9DB2 /* homePage_bg.png */; };
		6E77322916F9A4D5001E9DB2 /* homePage_bg@2x.png in Resources */ = {isa = PBXBuildFile; fileRef = 6E77322716F9A4D5001E9DB2 /* homePage_bg@2x.png */; };
		6E77322C16F9A7B1001E9DB2 /* teacherPage_bg@2x.png in Resources */ = {isa = PBXBuildFile; fileRef = 6E77322A16F9A7B1001E9DB2 /* teacherPage_bg@2x.png */; };
		6E77322D16F9A7B1001E9DB2 /* teacherPage_bg.png in Resources */ = {isa = PBXBuildFile; fileRef = 6E77322B16F9A7B1001E9DB2 /* teacherPage_bg.png */; };
		6EBE08EB16FBDF5E00A416A5 /* icon_small.png in Resources */ = {isa = PBXBuildFile; fileRef = 6EBE08EA16FBDF5E00A416A5 /* icon_small.png */; };
		6EBE08ED16FBDF6200A416A5 /* icon_big.png in Resources */ = {isa = PBXBuildFile; fileRef = 6EBE08EC16FBDF6200A416A5 /* icon_big.png */; };
		6EBE08F216FBF67400A416A5 /* LQHomePageViewController.m in Sources */ = {isa = PBXBuildFile; fileRef = 6EBE08F016FBF67400A416A5 /* LQHomePageViewController.m */; };
		6EBE08F316FBF67400A416A5 /* LQHomePageViewController.xib in Resources */ = {isa = PBXBuildFile; fileRef = 6EBE08F116FBF67400A416A5 /* LQHomePageViewController.xib */; };
		6EFAB7BE16F7F989003DD047 /* indexCell_bg@2x.png in Resources */ = {isa = PBXBuildFile; fileRef = 6EFAB7BC16F7F989003DD047 /* indexCell_bg@2x.png */; };
		6EFAB7BF16F7F989003DD047 /* indexCell_bg.png in Resources */ = {isa = PBXBuildFile; fileRef = 6EFAB7BD16F7F989003DD047 /* indexCell_bg.png */; };
		6EFAB7C216F83258003DD047 /* mainCover@2x.png in Resources */ = {isa = PBXBuildFile; fileRef = 6EFAB7C016F83258003DD047 /* mainCover@2x.png */; };
		6EFAB7C316F83258003DD047 /* mainCover.png in Resources */ = {isa = PBXBuildFile; fileRef = 6EFAB7C116F83258003DD047 /* mainCover.png */; };
		6EFAB7C616F85AB6003DD047 /* right_bg@2x.png in Resources */ = {isa = PBXBuildFile; fileRef = 6EFAB7C416F85AB6003DD047 /* right_bg@2x.png */; };
		6EFAB7C716F85AB6003DD047 /* right_bg.png in Resources */ = {isa = PBXBuildFile; fileRef = 6EFAB7C516F85AB6003DD047 /* right_bg.png */; };
		6EFAB7CA16F85FF8003DD047 /* right_bg_i5@2x.png in Resources */ = {isa = PBXBuildFile; fileRef = 6EFAB7C816F85FF8003DD047 /* right_bg_i5@2x.png */; };
		6EFAB7CB16F85FF8003DD047 /* right_bg_i5.png in Resources */ = {isa = PBXBuildFile; fileRef = 6EFAB7C916F85FF8003DD047 /* right_bg_i5.png */; };
		6EFAB7CE16F86514003DD047 /* index_cell0.png in Resources */ = {isa = PBXBuildFile; fileRef = 6EFAB7CC16F86514003DD047 /* index_cell0.png */; };
		6EFAB7CF16F86514003DD047 /* index_cell0@2x.png in Resources */ = {isa = PBXBuildFile; fileRef = 6EFAB7CD16F86514003DD047 /* index_cell0@2x.png */; };
		6EFAB7D216F8676A003DD047 /* index_bg@2x.png in Resources */ = {isa = PBXBuildFile; fileRef = 6EFAB7D016F86769003DD047 /* index_bg@2x.png */; };
		6EFAB7D316F8676A003DD047 /* index_bg.png in Resources */ = {isa = PBXBuildFile; fileRef = 6EFAB7D116F86769003DD047 /* index_bg.png */; };
/* End PBXBuildFile section */

/* Begin PBXFileReference section */
		04DAF3E316F4A8C400E8031C /* LQMessageViewController.h */ = {isa = PBXFileReference; fileEncoding = 4; lastKnownFileType = sourcecode.c.h; path = LQMessageViewController.h; sourceTree = "<group>"; };
		04DAF3E416F4A8C400E8031C /* LQMessageViewController.m */ = {isa = PBXFileReference; fileEncoding = 4; lastKnownFileType = sourcecode.c.objc; path = LQMessageViewController.m; sourceTree = "<group>"; };
		04DAF3E516F4A8C400E8031C /* LQMessageViewController.xib */ = {isa = PBXFileReference; fileEncoding = 4; lastKnownFileType = file.xib; path = LQMessageViewController.xib; sourceTree = "<group>"; };
		04DE8EAB16EF956000B4A58F /* 家长汇.app */ = {isa = PBXFileReference; explicitFileType = wrapper.application; includeInIndex = 0; path = "家长汇.app"; sourceTree = BUILT_PRODUCTS_DIR; };
		04DE8EAF16EF956000B4A58F /* UIKit.framework */ = {isa = PBXFileReference; lastKnownFileType = wrapper.framework; name = UIKit.framework; path = System/Library/Frameworks/UIKit.framework; sourceTree = SDKROOT; };
		04DE8EB116EF956000B4A58F /* Foundation.framework */ = {isa = PBXFileReference; lastKnownFileType = wrapper.framework; name = Foundation.framework; path = System/Library/Frameworks/Foundation.framework; sourceTree = SDKROOT; };
		04DE8EB316EF956000B4A58F /* CoreGraphics.framework */ = {isa = PBXFileReference; lastKnownFileType = wrapper.framework; name = CoreGraphics.framework; path = System/Library/Frameworks/CoreGraphics.framework; sourceTree = SDKROOT; };
		04DE8EB716EF956000B4A58F /* 家长汇-Info.plist */ = {isa = PBXFileReference; lastKnownFileType = text.plist.xml; path = "家长汇-Info.plist"; sourceTree = "<group>"; };
		04DE8EB916EF956000B4A58F /* en */ = {isa = PBXFileReference; lastKnownFileType = text.plist.strings; name = en; path = en.lproj/InfoPlist.strings; sourceTree = "<group>"; };
		04DE8EBB16EF956000B4A58F /* main.m */ = {isa = PBXFileReference; lastKnownFileType = sourcecode.c.objc; path = main.m; sourceTree = "<group>"; };
		04DE8EBD16EF956100B4A58F /* 家长汇-Prefix.pch */ = {isa = PBXFileReference; lastKnownFileType = sourcecode.c.h; path = "家长汇-Prefix.pch"; sourceTree = "<group>"; };
		04DE8EBE16EF956100B4A58F /* LQAppDelegate.h */ = {isa = PBXFileReference; lastKnownFileType = sourcecode.c.h; path = LQAppDelegate.h; sourceTree = "<group>"; };
		04DE8EBF16EF956100B4A58F /* LQAppDelegate.m */ = {isa = PBXFileReference; lastKnownFileType = sourcecode.c.objc; path = LQAppDelegate.m; sourceTree = "<group>"; };
		04DE8EC116EF956100B4A58F /* Default.png */ = {isa = PBXFileReference; lastKnownFileType = image.png; path = Default.png; sourceTree = "<group>"; };
		04DE8EC316EF956100B4A58F /* Default@2x.png */ = {isa = PBXFileReference; lastKnownFileType = image.png; path = "Default@2x.png"; sourceTree = "<group>"; };
		04DE8EC516EF956100B4A58F /* Default-568h@2x.png */ = {isa = PBXFileReference; lastKnownFileType = image.png; path = "Default-568h@2x.png"; sourceTree = "<group>"; };
		04DE8EC816EF956100B4A58F /* en */ = {isa = PBXFileReference; lastKnownFileType = file.storyboard; name = en; path = en.lproj/MainStoryboard.storyboard; sourceTree = "<group>"; };
		04DE8ECA16EF956100B4A58F /* LQViewController.h */ = {isa = PBXFileReference; lastKnownFileType = sourcecode.c.h; path = LQViewController.h; sourceTree = "<group>"; };
		04DE8ECB16EF956100B4A58F /* LQViewController.m */ = {isa = PBXFileReference; lastKnownFileType = sourcecode.c.objc; path = LQViewController.m; sourceTree = "<group>"; };
		04DE8ED616EF9A2400B4A58F /* PPRevealSideViewController.h */ = {isa = PBXFileReference; fileEncoding = 4; lastKnownFileType = sourcecode.c.h; name = PPRevealSideViewController.h; path = ../PPRevealSideViewController.h; sourceTree = "<group>"; };
		04DE8ED716EF9A2400B4A58F /* PPRevealSideViewController.m */ = {isa = PBXFileReference; fileEncoding = 4; lastKnownFileType = sourcecode.c.objc; name = PPRevealSideViewController.m; path = ../PPRevealSideViewController.m; sourceTree = "<group>"; };
		04DE8ED916EF9B8100B4A58F /* View.xib */ = {isa = PBXFileReference; fileEncoding = 4; lastKnownFileType = file.xib; name = View.xib; path = ../View.xib; sourceTree = "<group>"; };
		04DFF6D616F4648100C1B28C /* bg-addbutton-highlighted.png */ = {isa = PBXFileReference; lastKnownFileType = image.png; path = "bg-addbutton-highlighted.png"; sourceTree = "<group>"; };
		04DFF6D716F4648100C1B28C /* bg-addbutton-highlighted@2x.png */ = {isa = PBXFileReference; lastKnownFileType = image.png; path = "bg-addbutton-highlighted@2x.png"; sourceTree = "<group>"; };
		04DFF6D816F4648100C1B28C /* bg-addbutton.png */ = {isa = PBXFileReference; lastKnownFileType = image.png; path = "bg-addbutton.png"; sourceTree = "<group>"; };
		04DFF6D916F4648100C1B28C /* bg-addbutton@2x.png */ = {isa = PBXFileReference; lastKnownFileType = image.png; path = "bg-addbutton@2x.png"; sourceTree = "<group>"; };
		04DFF6DA16F4648100C1B28C /* bg-menuitem-highlighted.png */ = {isa = PBXFileReference; lastKnownFileType = image.png; path = "bg-menuitem-highlighted.png"; sourceTree = "<group>"; };
		04DFF6DB16F4648100C1B28C /* bg-menuitem-highlighted@2x.png */ = {isa = PBXFileReference; lastKnownFileType = image.png; path = "bg-menuitem-highlighted@2x.png"; sourceTree = "<group>"; };
		04DFF6DC16F4648100C1B28C /* bg-menuitem.png */ = {isa = PBXFileReference; lastKnownFileType = image.png; path = "bg-menuitem.png"; sourceTree = "<group>"; };
		04DFF6DD16F4648100C1B28C /* bg-menuitem@2x.png */ = {isa = PBXFileReference; lastKnownFileType = image.png; path = "bg-menuitem@2x.png"; sourceTree = "<group>"; };
		04DFF6DE16F4648100C1B28C /* icon-plus-highlighted.png */ = {isa = PBXFileReference; lastKnownFileType = image.png; path = "icon-plus-highlighted.png"; sourceTree = "<group>"; };
		04DFF6DF16F4648100C1B28C /* icon-plus-highlighted@2x.png */ = {isa = PBXFileReference; lastKnownFileType = image.png; path = "icon-plus-highlighted@2x.png"; sourceTree = "<group>"; };
		04DFF6E016F4648100C1B28C /* icon-plus.png */ = {isa = PBXFileReference; lastKnownFileType = image.png; path = "icon-plus.png"; sourceTree = "<group>"; };
		04DFF6E116F4648100C1B28C /* icon-plus@2x.png */ = {isa = PBXFileReference; lastKnownFileType = image.png; path = "icon-plus@2x.png"; sourceTree = "<group>"; };
		04DFF6E216F4648100C1B28C /* icon-star.png */ = {isa = PBXFileReference; lastKnownFileType = image.png; path = "icon-star.png"; sourceTree = "<group>"; };
		04DFF6E316F4648100C1B28C /* icon-star@2x.png */ = {isa = PBXFileReference; lastKnownFileType = image.png; path = "icon-star@2x.png"; sourceTree = "<group>"; };
		04DFF6F416F464E600C1B28C /* AwesomeMenu.h */ = {isa = PBXFileReference; fileEncoding = 4; lastKnownFileType = sourcecode.c.h; path = AwesomeMenu.h; sourceTree = "<group>"; };
		04DFF6F516F464E600C1B28C /* AwesomeMenu.m */ = {isa = PBXFileReference; fileEncoding = 4; lastKnownFileType = sourcecode.c.objc; path = AwesomeMenu.m; sourceTree = "<group>"; };
		04DFF6F616F464E600C1B28C /* AwesomeMenuItem.h */ = {isa = PBXFileReference; fileEncoding = 4; lastKnownFileType = sourcecode.c.h; path = AwesomeMenuItem.h; sourceTree = "<group>"; };
		04DFF6F716F464E600C1B28C /* AwesomeMenuItem.m */ = {isa = PBXFileReference; fileEncoding = 4; lastKnownFileType = sourcecode.c.objc; path = AwesomeMenuItem.m; sourceTree = "<group>"; };
		04DFF6FA16F4679A00C1B28C /* QuartzCore.framework */ = {isa = PBXFileReference; lastKnownFileType = wrapper.framework; name = QuartzCore.framework; path = System/Library/Frameworks/QuartzCore.framework; sourceTree = SDKROOT; };
		04FED87716F0E28A001F19E3 /* LQMenuViewController.h */ = {isa = PBXFileReference; fileEncoding = 4; lastKnownFileType = sourcecode.c.h; path = LQMenuViewController.h; sourceTree = "<group>"; };
		04FED87816F0E28A001F19E3 /* LQMenuViewController.m */ = {isa = PBXFileReference; fileEncoding = 4; lastKnownFileType = sourcecode.c.objc; path = LQMenuViewController.m; sourceTree = "<group>"; };
		04FED87916F0E28A001F19E3 /* LQMenuViewController.xib */ = {isa = PBXFileReference; fileEncoding = 4; lastKnownFileType = file.xib; path = LQMenuViewController.xib; sourceTree = "<group>"; };
		04FED87F16F0E486001F19E3 /* LQSetupViewController.h */ = {isa = PBXFileReference; fileEncoding = 4; lastKnownFileType = sourcecode.c.h; path = LQSetupViewController.h; sourceTree = "<group>"; };
		04FED88016F0E486001F19E3 /* LQSetupViewController.m */ = {isa = PBXFileReference; fileEncoding = 4; lastKnownFileType = sourcecode.c.objc; path = LQSetupViewController.m; sourceTree = "<group>"; };
		04FED88116F0E486001F19E3 /* LQSetupViewController.xib */ = {isa = PBXFileReference; fileEncoding = 4; lastKnownFileType = file.xib; path = LQSetupViewController.xib; sourceTree = "<group>"; };
		04FED88416F0E9DB001F19E3 /* README.md */ = {isa = PBXFileReference; fileEncoding = 4; lastKnownFileType = text; path = README.md; sourceTree = "<group>"; };
		6E01799B16FAE0C7009EBA07 /* adExample_i5@2x.PNG */ = {isa = PBXFileReference; lastKnownFileType = image.png; path = "adExample_i5@2x.PNG"; sourceTree = "<group>"; };
		6E01799D16FAE12B009EBA07 /* adExample_i5.PNG */ = {isa = PBXFileReference; lastKnownFileType = image.png; path = adExample_i5.PNG; sourceTree = "<group>"; };
		6E0179A816FB14DD009EBA07 /* setup@2x.png */ = {isa = PBXFileReference; lastKnownFileType = image.png; path = "setup@2x.png"; sourceTree = "<group>"; };
		6E0179A916FB14DD009EBA07 /* setup.png */ = {isa = PBXFileReference; lastKnownFileType = image.png; path = setup.png; sourceTree = "<group>"; };
		6E0179AC16FB1A39009EBA07 /* feedBtn@2x.png */ = {isa = PBXFileReference; lastKnownFileType = image.png; path = "feedBtn@2x.png"; sourceTree = "<group>"; };
		6E0179AD16FB1A39009EBA07 /* feedBtn.png */ = {isa = PBXFileReference; lastKnownFileType = image.png; path = feedBtn.png; sourceTree = "<group>"; };
		6E09651E16F2FD050049E1E9 /* vars.h */ = {isa = PBXFileReference; fileEncoding = 4; lastKnownFileType = sourcecode.c.h; name = vars.h; path = ../vars.h; sourceTree = "<group>"; };
		6E09651F16F31C3C0049E1E9 /* menuTable_bg@2x.png */ = {isa = PBXFileReference; lastKnownFileType = image.png; name = "menuTable_bg@2x.png"; path = "../menuTable_bg@2x.png"; sourceTree = "<group>"; };
		6E09652016F31C3C0049E1E9 /* menuTable_bg.png */ = {isa = PBXFileReference; lastKnownFileType = image.png; name = menuTable_bg.png; path = ../menuTable_bg.png; sourceTree = "<group>"; };
		6E09652316F3214E0049E1E9 /* cell_icon.png */ = {isa = PBXFileReference; lastKnownFileType = image.png; path = cell_icon.png; sourceTree = "<group>"; };
		6E09652416F3214E0049E1E9 /* cell_icon@2x.png */ = {isa = PBXFileReference; lastKnownFileType = image.png; path = "cell_icon@2x.png"; sourceTree = "<group>"; };
		6E0B9F3A16F6E9F100EA3115 /* myUsername_btn@2x.png */ = {isa = PBXFileReference; lastKnownFileType = image.png; name = "myUsername_btn@2x.png"; path = "../myUsername_btn@2x.png"; sourceTree = "<group>"; };
		6E0B9F3B16F6E9F200EA3115 /* myUsername_btn.png */ = {isa = PBXFileReference; lastKnownFileType = image.png; name = myUsername_btn.png; path = ../myUsername_btn.png; sourceTree = "<group>"; };
		6E0B9F4316F6F61900EA3115 /* banner@2x.png */ = {isa = PBXFileReference; lastKnownFileType = image.png; path = "banner@2x.png"; sourceTree = "<group>"; };
		6E0B9F4416F6F61900EA3115 /* banner.png */ = {isa = PBXFileReference; lastKnownFileType = image.png; path = banner.png; sourceTree = "<group>"; };
		6E0B9F4716F6FF7900EA3115 /* left_navItem@2x.png */ = {isa = PBXFileReference; lastKnownFileType = image.png; name = "left_navItem@2x.png"; path = "../left_navItem@2x.png"; sourceTree = "<group>"; };
		6E0B9F4816F6FF7900EA3115 /* right_navItem.png */ = {isa = PBXFileReference; lastKnownFileType = image.png; name = right_navItem.png; path = ../right_navItem.png; sourceTree = "<group>"; };
		6E0B9F4916F6FF7900EA3115 /* left_navItem.png */ = {isa = PBXFileReference; lastKnownFileType = image.png; name = left_navItem.png; path = ../left_navItem.png; sourceTree = "<group>"; };
		6E0B9F4A16F6FF7900EA3115 /* right_navItem@2x.png */ = {isa = PBXFileReference; lastKnownFileType = image.png; name = "right_navItem@2x.png"; path = "../right_navItem@2x.png"; sourceTree = "<group>"; };
		6E0B9F4F16F7057600EA3115 /* _left_navItem.png */ = {isa = PBXFileReference; lastKnownFileType = image.png; name = _left_navItem.png; path = ../_left_navItem.png; sourceTree = "<group>"; };
		6E0B9F5016F7057600EA3115 /* _left_navItem@2x.png */ = {isa = PBXFileReference; lastKnownFileType = image.png; name = "_left_navItem@2x.png"; path = "../_left_navItem@2x.png"; sourceTree = "<group>"; };
		6E0B9F5316F70BE100EA3115 /* _right_navItem@2x.png */ = {isa = PBXFileReference; lastKnownFileType = image.png; path = "_right_navItem@2x.png"; sourceTree = "<group>"; };
		6E0B9F5416F70BE200EA3115 /* _right_navItem.png */ = {isa = PBXFileReference; lastKnownFileType = image.png; path = _right_navItem.png; sourceTree = "<group>"; };
		6E0B9F5716F7110E00EA3115 /* rightTopSearch.png */ = {isa = PBXFileReference; lastKnownFileType = image.png; path = rightTopSearch.png; sourceTree = "<group>"; };
		6E0B9F5816F7110E00EA3115 /* rightTopSearch@2x.png */ = {isa = PBXFileReference; lastKnownFileType = image.png; path = "rightTopSearch@2x.png"; sourceTree = "<group>"; };
		6E0B9F7016F7138600EA3115 /* roundIcon1.png */ = {isa = PBXFileReference; lastKnownFileType = image.png; path = roundIcon1.png; sourceTree = "<group>"; };
		6E0B9F7116F7138600EA3115 /* roundIcon4.png */ = {isa = PBXFileReference; lastKnownFileType = image.png; path = roundIcon4.png; sourceTree = "<group>"; };
		6E0B9F7216F7138600EA3115 /* roundIcon5.png */ = {isa = PBXFileReference; lastKnownFileType = image.png; path = roundIcon5.png; sourceTree = "<group>"; };
		6E0B9F7316F7138600EA3115 /* roundIcon3.png */ = {isa = PBXFileReference; lastKnownFileType = image.png; path = roundIcon3.png; sourceTree = "<group>"; };
		6E0B9F7416F7138600EA3115 /* roundIcon2.png */ = {isa = PBXFileReference; lastKnownFileType = image.png; path = roundIcon2.png; sourceTree = "<group>"; };
		6E0B9F7A16F7138E00EA3115 /* roundIcon4@2x.png */ = {isa = PBXFileReference; lastKnownFileType = image.png; path = "roundIcon4@2x.png"; sourceTree = "<group>"; };
		6E0B9F7B16F7138E00EA3115 /* roundIcon5@2x.png */ = {isa = PBXFileReference; lastKnownFileType = image.png; path = "roundIcon5@2x.png"; sourceTree = "<group>"; };
		6E0B9F7C16F7138E00EA3115 /* roundIcon1@2x.png */ = {isa = PBXFileReference; lastKnownFileType = image.png; path = "roundIcon1@2x.png"; sourceTree = "<group>"; };
		6E0B9F7D16F7138E00EA3115 /* roundIcon2@2x.png */ = {isa = PBXFileReference; lastKnownFileType = image.png; path = "roundIcon2@2x.png"; sourceTree = "<group>"; };
		6E0B9F7E16F7138E00EA3115 /* roundIcon3@2x.png */ = {isa = PBXFileReference; lastKnownFileType = image.png; path = "roundIcon3@2x.png"; sourceTree = "<group>"; };
		6E0D0CAF16F1CC20002C264A /* menuCell_bg.png */ = {isa = PBXFileReference; lastKnownFileType = image.png; path = menuCell_bg.png; sourceTree = "<group>"; };
		6E0D0CB016F1CC20002C264A /* menuCell_bg@2x.png */ = {isa = PBXFileReference; lastKnownFileType = image.png; path = "menuCell_bg@2x.png"; sourceTree = "<group>"; };
		6E0D0CB316F1D02C002C264A /* menuCell_separator.png */ = {isa = PBXFileReference; lastKnownFileType = image.png; path = menuCell_separator.png; sourceTree = "<group>"; };
		6E0D0CB416F1D02C002C264A /* menuCell_separator@2x.png */ = {isa = PBXFileReference; lastKnownFileType = image.png; path = "menuCell_separator@2x.png"; sourceTree = "<group>"; };
		6E28DCA516F9CD000035F100 /* refresh@2x.png */ = {isa = PBXFileReference; lastKnownFileType = image.png; path = "refresh@2x.png"; sourceTree = "<group>"; };
		6E28DCA616F9CD000035F100 /* refresh.png */ = {isa = PBXFileReference; lastKnownFileType = image.png; path = refresh.png; sourceTree = "<group>"; };
		6E28DCA916F9D7520035F100 /* AudioToolbox.framework */ = {isa = PBXFileReference; lastKnownFileType = wrapper.framework; name = AudioToolbox.framework; path = System/Library/Frameworks/AudioToolbox.framework; sourceTree = SDKROOT; };
		6E28DCAB16F9DED70035F100 /* nav_in.aif */ = {isa = PBXFileReference; lastKnownFileType = file; path = nav_in.aif; sourceTree = "<group>"; };
		6E28DCAC16F9DED70035F100 /* nav_out.aif */ = {isa = PBXFileReference; lastKnownFileType = file; path = nav_out.aif; sourceTree = "<group>"; };
		6E689F0716FD596E00BE6668 /* LQNotify.h */ = {isa = PBXFileReference; fileEncoding = 4; lastKnownFileType = sourcecode.c.h; path = LQNotify.h; sourceTree = "<group>"; };
		6E689F0816FD596E00BE6668 /* LQNotify.m */ = {isa = PBXFileReference; fileEncoding = 4; lastKnownFileType = sourcecode.c.objc; path = LQNotify.m; sourceTree = "<group>"; };
		6E77320D16F95D24001E9DB2 /* banjizhuye@2x.png */ = {isa = PBXFileReference; lastKnownFileType = image.png; path = "banjizhuye@2x.png"; sourceTree = "<group>"; };
		6E77320E16F95D24001E9DB2 /* banjizhuye.png */ = {isa = PBXFileReference; lastKnownFileType = image.png; path = banjizhuye.png; sourceTree = "<group>"; };
		6E77321216F95EB6001E9DB2 /* banjichengyuan@2x.png */ = {isa = PBXFileReference; lastKnownFileType = image.png; path = "banjichengyuan@2x.png"; sourceTree = "<group>"; };
		6E77321316F95EB6001E9DB2 /* banjichengyuan.png */ = {isa = PBXFileReference; lastKnownFileType = image.png; path = banjichengyuan.png; sourceTree = "<group>"; };
		6E77321616F9623C001E9DB2 /* _right_inputBtn.png */ = {isa = PBXFileReference; lastKnownFileType = image.png; path = _right_inputBtn.png; sourceTree = "<group>"; };
		6E77321716F9623C001E9DB2 /* _right_inputBtn@2x.png */ = {isa = PBXFileReference; lastKnownFileType = image.png; path = "_right_inputBtn@2x.png"; sourceTree = "<group>"; };
		6E77321816F9623C001E9DB2 /* right_inputBtn.png */ = {isa = PBXFileReference; lastKnownFileType = image.png; path = right_inputBtn.png; sourceTree = "<group>"; };
		6E77321916F9623C001E9DB2 /* right_inputBtn@2x.png */ = {isa = PBXFileReference; lastKnownFileType = image.png; path = "right_inputBtn@2x.png"; sourceTree = "<group>"; };
		6E77321E16F9657A001E9DB2 /* banji_bg@2x.png */ = {isa = PBXFileReference; lastKnownFileType = image.png; path = "banji_bg@2x.png"; sourceTree = "<group>"; };
		6E77321F16F9657B001E9DB2 /* banji_bg.png */ = {isa = PBXFileReference; lastKnownFileType = image.png; path = banji_bg.png; sourceTree = "<group>"; };
		6E77322216F9A043001E9DB2 /* indexCell_separator@2x.png */ = {isa = PBXFileReference; lastKnownFileType = image.png; path = "indexCell_separator@2x.png"; sourceTree = "<group>"; };
		6E77322316F9A043001E9DB2 /* indexCell_separator.png */ = {isa = PBXFileReference; lastKnownFileType = image.png; path = indexCell_separator.png; sourceTree = "<group>"; };
		6E77322616F9A4D5001E9DB2 /* homePage_bg.png */ = {isa = PBXFileReference; lastKnownFileType = image.png; path = homePage_bg.png; sourceTree = "<group>"; };
		6E77322716F9A4D5001E9DB2 /* homePage_bg@2x.png */ = {isa = PBXFileReference; lastKnownFileType = image.png; path = "homePage_bg@2x.png"; sourceTree = "<group>"; };
		6E77322A16F9A7B1001E9DB2 /* teacherPage_bg@2x.png */ = {isa = PBXFileReference; lastKnownFileType = image.png; path = "teacherPage_bg@2x.png"; sourceTree = "<group>"; };
		6E77322B16F9A7B1001E9DB2 /* teacherPage_bg.png */ = {isa = PBXFileReference; lastKnownFileType = image.png; path = teacherPage_bg.png; sourceTree = "<group>"; };
		6EBE08EA16FBDF5E00A416A5 /* icon_small.png */ = {isa = PBXFileReference; lastKnownFileType = image.png; name = icon_small.png; path = ../icon_small.png; sourceTree = "<group>"; };
		6EBE08EC16FBDF6200A416A5 /* icon_big.png */ = {isa = PBXFileReference; lastKnownFileType = image.png; name = icon_big.png; path = ../icon_big.png; sourceTree = "<group>"; };
		6EBE08EF16FBF67400A416A5 /* LQHomePageViewController.h */ = {isa = PBXFileReference; fileEncoding = 4; lastKnownFileType = sourcecode.c.h; path = LQHomePageViewController.h; sourceTree = "<group>"; };
		6EBE08F016FBF67400A416A5 /* LQHomePageViewController.m */ = {isa = PBXFileReference; fileEncoding = 4; lastKnownFileType = sourcecode.c.objc; path = LQHomePageViewController.m; sourceTree = "<group>"; };
		6EBE08F116FBF67400A416A5 /* LQHomePageViewController.xib */ = {isa = PBXFileReference; fileEncoding = 4; lastKnownFileType = file.xib; path = LQHomePageViewController.xib; sourceTree = "<group>"; };
		6EFAB7BC16F7F989003DD047 /* indexCell_bg@2x.png */ = {isa = PBXFileReference; lastKnownFileType = image.png; name = "indexCell_bg@2x.png"; path = "../indexCell_bg@2x.png"; sourceTree = "<group>"; };
		6EFAB7BD16F7F989003DD047 /* indexCell_bg.png */ = {isa = PBXFileReference; lastKnownFileType = image.png; name = indexCell_bg.png; path = ../indexCell_bg.png; sourceTree = "<group>"; };
		6EFAB7C016F83258003DD047 /* mainCover@2x.png */ = {isa = PBXFileReference; lastKnownFileType = image.png; path = "mainCover@2x.png"; sourceTree = "<group>"; };
		6EFAB7C116F83258003DD047 /* mainCover.png */ = {isa = PBXFileReference; lastKnownFileType = image.png; path = mainCover.png; sourceTree = "<group>"; };
		6EFAB7C416F85AB6003DD047 /* right_bg@2x.png */ = {isa = PBXFileReference; lastKnownFileType = image.png; path = "right_bg@2x.png"; sourceTree = "<group>"; };
		6EFAB7C516F85AB6003DD047 /* right_bg.png */ = {isa = PBXFileReference; lastKnownFileType = image.png; path = right_bg.png; sourceTree = "<group>"; };
		6EFAB7C816F85FF8003DD047 /* right_bg_i5@2x.png */ = {isa = PBXFileReference; lastKnownFileType = image.png; path = "right_bg_i5@2x.png"; sourceTree = "<group>"; };
		6EFAB7C916F85FF8003DD047 /* right_bg_i5.png */ = {isa = PBXFileReference; lastKnownFileType = image.png; path = right_bg_i5.png; sourceTree = "<group>"; };
		6EFAB7CC16F86514003DD047 /* index_cell0.png */ = {isa = PBXFileReference; lastKnownFileType = image.png; path = index_cell0.png; sourceTree = "<group>"; };
		6EFAB7CD16F86514003DD047 /* index_cell0@2x.png */ = {isa = PBXFileReference; lastKnownFileType = image.png; path = "index_cell0@2x.png"; sourceTree = "<group>"; };
		6EFAB7D016F86769003DD047 /* index_bg@2x.png */ = {isa = PBXFileReference; lastKnownFileType = image.png; path = "index_bg@2x.png"; sourceTree = "<group>"; };
		6EFAB7D116F86769003DD047 /* index_bg.png */ = {isa = PBXFileReference; lastKnownFileType = image.png; path = index_bg.png; sourceTree = "<group>"; };
/* End PBXFileReference section */

/* Begin PBXFrameworksBuildPhase section */
		04DE8EA816EF956000B4A58F /* Frameworks */ = {
			isa = PBXFrameworksBuildPhase;
			buildActionMask = 2147483647;
			files = (
				6E28DCAA16F9D7520035F100 /* AudioToolbox.framework in Frameworks */,
				04DFF6FB16F4679A00C1B28C /* QuartzCore.framework in Frameworks */,
				04DE8EB016EF956000B4A58F /* UIKit.framework in Frameworks */,
				04DE8EB216EF956000B4A58F /* Foundation.framework in Frameworks */,
				04DE8EB416EF956000B4A58F /* CoreGraphics.framework in Frameworks */,
			);
			runOnlyForDeploymentPostprocessing = 0;
		};
/* End PBXFrameworksBuildPhase section */

/* Begin PBXGroup section */
		04DAF3E916F4A8D100E8031C /* Message */ = {
			isa = PBXGroup;
			children = (
				04DAF3E316F4A8C400E8031C /* LQMessageViewController.h */,
				04DAF3E416F4A8C400E8031C /* LQMessageViewController.m */,
				04DAF3E516F4A8C400E8031C /* LQMessageViewController.xib */,
			);
			name = Message;
			sourceTree = "<group>";
		};
		04DE8EA016EF956000B4A58F = {
			isa = PBXGroup;
			children = (
				04FED88416F0E9DB001F19E3 /* README.md */,
				04DE8EB516EF956000B4A58F /* TestSideView */,
				04DE8EAE16EF956000B4A58F /* Frameworks */,
				04DE8EAC16EF956000B4A58F /* Products */,
			);
			sourceTree = "<group>";
		};
		04DE8EAC16EF956000B4A58F /* Products */ = {
			isa = PBXGroup;
			children = (
				04DE8EAB16EF956000B4A58F /* 家长汇.app */,
			);
			name = Products;
			sourceTree = "<group>";
		};
		04DE8EAE16EF956000B4A58F /* Frameworks */ = {
			isa = PBXGroup;
			children = (
				6E28DCA916F9D7520035F100 /* AudioToolbox.framework */,
				04DFF6FA16F4679A00C1B28C /* QuartzCore.framework */,
				04DE8EAF16EF956000B4A58F /* UIKit.framework */,
				04DE8EB116EF956000B4A58F /* Foundation.framework */,
				04DE8EB316EF956000B4A58F /* CoreGraphics.framework */,
			);
			name = Frameworks;
			sourceTree = "<group>";
		};
		04DE8EB516EF956000B4A58F /* TestSideView */ = {
			isa = PBXGroup;
			children = (
				6E689F0616FD55B900BE6668 /* POJO */,
				6EBE08EE16FBF65A00A416A5 /* ClassHomePage */,
				04DAF3E916F4A8D100E8031C /* Message */,
				6E0D0CA616F1C75B002C264A /* images */,
				04FED87E16F0E450001F19E3 /* Setup */,
				04FED87D16F0E297001F19E3 /* Menu */,
				04DFF6F316F464E600C1B28C /* AwesomeMenu */,
				04DE8ED516EF95AA00B4A58F /* PPRevealSideviewController */,
				04DE8EBE16EF956100B4A58F /* LQAppDelegate.h */,
				04DE8EBF16EF956100B4A58F /* LQAppDelegate.m */,
				04DE8EC716EF956100B4A58F /* MainStoryboard.storyboard */,
				04DE8ECA16EF956100B4A58F /* LQViewController.h */,
				04DE8ECB16EF956100B4A58F /* LQViewController.m */,
				04DE8ED916EF9B8100B4A58F /* View.xib */,
				6E09651E16F2FD050049E1E9 /* vars.h */,
				04DE8EB616EF956000B4A58F /* Supporting Files */,
			);
			path = TestSideView;
			sourceTree = "<group>";
		};
		04DE8EB616EF956000B4A58F /* Supporting Files */ = {
			isa = PBXGroup;
			children = (
				6E28DCAB16F9DED70035F100 /* nav_in.aif */,
				6E28DCAC16F9DED70035F100 /* nav_out.aif */,
				04DE8EB716EF956000B4A58F /* 家长汇-Info.plist */,
				04DE8EB816EF956000B4A58F /* InfoPlist.strings */,
				04DE8EBB16EF956000B4A58F /* main.m */,
				04DE8EBD16EF956100B4A58F /* 家长汇-Prefix.pch */,
				04DE8EC116EF956100B4A58F /* Default.png */,
				04DE8EC316EF956100B4A58F /* Default@2x.png */,
				04DE8EC516EF956100B4A58F /* Default-568h@2x.png */,
			);
			name = "Supporting Files";
			sourceTree = "<group>";
		};
		04DE8ED516EF95AA00B4A58F /* PPRevealSideviewController */ = {
			isa = PBXGroup;
			children = (
				04DE8ED616EF9A2400B4A58F /* PPRevealSideViewController.h */,
				04DE8ED716EF9A2400B4A58F /* PPRevealSideViewController.m */,
			);
			name = PPRevealSideviewController;
			sourceTree = "<group>";
		};
		04DFF6D516F4648100C1B28C /* roundMenu */ = {
			isa = PBXGroup;
			children = (
				04DFF6D616F4648100C1B28C /* bg-addbutton-highlighted.png */,
				04DFF6D716F4648100C1B28C /* bg-addbutton-highlighted@2x.png */,
				04DFF6D816F4648100C1B28C /* bg-addbutton.png */,
				04DFF6D916F4648100C1B28C /* bg-addbutton@2x.png */,
				04DFF6DA16F4648100C1B28C /* bg-menuitem-highlighted.png */,
				04DFF6DB16F4648100C1B28C /* bg-menuitem-highlighted@2x.png */,
				04DFF6DC16F4648100C1B28C /* bg-menuitem.png */,
				04DFF6DD16F4648100C1B28C /* bg-menuitem@2x.png */,
				04DFF6DE16F4648100C1B28C /* icon-plus-highlighted.png */,
				04DFF6DF16F4648100C1B28C /* icon-plus-highlighted@2x.png */,
				04DFF6E016F4648100C1B28C /* icon-plus.png */,
				04DFF6E116F4648100C1B28C /* icon-plus@2x.png */,
				04DFF6E216F4648100C1B28C /* icon-star.png */,
				04DFF6E316F4648100C1B28C /* icon-star@2x.png */,
			);
			name = roundMenu;
			path = ../roundMenu;
			sourceTree = "<group>";
		};
		04DFF6F316F464E600C1B28C /* AwesomeMenu */ = {
			isa = PBXGroup;
			children = (
				04DFF6F416F464E600C1B28C /* AwesomeMenu.h */,
				04DFF6F516F464E600C1B28C /* AwesomeMenu.m */,
				04DFF6F616F464E600C1B28C /* AwesomeMenuItem.h */,
				04DFF6F716F464E600C1B28C /* AwesomeMenuItem.m */,
			);
			name = AwesomeMenu;
			path = ../AwesomeMenu;
			sourceTree = "<group>";
		};
		04FED87D16F0E297001F19E3 /* Menu */ = {
			isa = PBXGroup;
			children = (
				04FED87716F0E28A001F19E3 /* LQMenuViewController.h */,
				04FED87816F0E28A001F19E3 /* LQMenuViewController.m */,
				04FED87916F0E28A001F19E3 /* LQMenuViewController.xib */,
			);
			name = Menu;
			sourceTree = "<group>";
		};
		04FED87E16F0E450001F19E3 /* Setup */ = {
			isa = PBXGroup;
			children = (
				04FED87F16F0E486001F19E3 /* LQSetupViewController.h */,
				04FED88016F0E486001F19E3 /* LQSetupViewController.m */,
				04FED88116F0E486001F19E3 /* LQSetupViewController.xib */,
			);
			name = Setup;
			sourceTree = "<group>";
		};
		6E09652716F321510049E1E9 /* icon */ = {
			isa = PBXGroup;
			children = (
				6E09652316F3214E0049E1E9 /* cell_icon.png */,
				6E09652416F3214E0049E1E9 /* cell_icon@2x.png */,
			);
			name = icon;
			sourceTree = "<group>";
		};
		6E0B9F3E16F6EA9500EA3115 /* msessage */ = {
			isa = PBXGroup;
			children = (
				6E0B9F3A16F6E9F100EA3115 /* myUsername_btn@2x.png */,
				6E0B9F3B16F6E9F200EA3115 /* myUsername_btn.png */,
				6E0B9F5716F7110E00EA3115 /* rightTopSearch.png */,
				6E0B9F5816F7110E00EA3115 /* rightTopSearch@2x.png */,
				6E77321616F9623C001E9DB2 /* _right_inputBtn.png */,
				6E77321716F9623C001E9DB2 /* _right_inputBtn@2x.png */,
				6E77321816F9623C001E9DB2 /* right_inputBtn.png */,
				6E77321916F9623C001E9DB2 /* right_inputBtn@2x.png */,
				6EFAB7C416F85AB6003DD047 /* right_bg@2x.png */,
				6EFAB7C516F85AB6003DD047 /* right_bg.png */,
				6EFAB7C816F85FF8003DD047 /* right_bg_i5@2x.png */,
				6EFAB7C916F85FF8003DD047 /* right_bg_i5.png */,
				6E77321216F95EB6001E9DB2 /* banjichengyuan@2x.png */,
				6E77321316F95EB6001E9DB2 /* banjichengyuan.png */,
				6E77321E16F9657A001E9DB2 /* banji_bg@2x.png */,
				6E77321F16F9657B001E9DB2 /* banji_bg.png */,
				6E0179A816FB14DD009EBA07 /* setup@2x.png */,
				6E0179A916FB14DD009EBA07 /* setup.png */,
			);
			name = msessage;
			sourceTree = "<group>";
		};
		6E0B9F5B16F712BC00EA3115 /* theRoundMenuIcons */ = {
			isa = PBXGroup;
			children = (
				6E0B9F7016F7138600EA3115 /* roundIcon1.png */,
				6E0B9F7116F7138600EA3115 /* roundIcon4.png */,
				6E0B9F7216F7138600EA3115 /* roundIcon5.png */,
				6E0B9F7316F7138600EA3115 /* roundIcon3.png */,
				6E0B9F7416F7138600EA3115 /* roundIcon2.png */,
				6E0B9F7A16F7138E00EA3115 /* roundIcon4@2x.png */,
				6E0B9F7B16F7138E00EA3115 /* roundIcon5@2x.png */,
				6E0B9F7C16F7138E00EA3115 /* roundIcon1@2x.png */,
				6E0B9F7D16F7138E00EA3115 /* roundIcon2@2x.png */,
				6E0B9F7E16F7138E00EA3115 /* roundIcon3@2x.png */,
			);
			name = theRoundMenuIcons;
			sourceTree = "<group>";
		};
		6E0D0CA616F1C75B002C264A /* images */ = {
			isa = PBXGroup;
			children = (
				6E77321116F95D29001E9DB2 /* left */,
				6E0B9F5B16F712BC00EA3115 /* theRoundMenuIcons */,
				6E0B9F3E16F6EA9500EA3115 /* msessage */,
				04DFF6D516F4648100C1B28C /* roundMenu */,
				6E09652716F321510049E1E9 /* icon */,
				6E09651F16F31C3C0049E1E9 /* menuTable_bg@2x.png */,
				6E09652016F31C3C0049E1E9 /* menuTable_bg.png */,
				6E0D0CAF16F1CC20002C264A /* menuCell_bg.png */,
				6E0D0CB016F1CC20002C264A /* menuCell_bg@2x.png */,
				6E0D0CB316F1D02C002C264A /* menuCell_separator.png */,
				6E0D0CB416F1D02C002C264A /* menuCell_separator@2x.png */,
				6E28DCA516F9CD000035F100 /* refresh@2x.png */,
				6E28DCA616F9CD000035F100 /* refresh.png */,
				6E0B9F4316F6F61900EA3115 /* banner@2x.png */,
				6E0B9F4416F6F61900EA3115 /* banner.png */,
				6E0B9F4916F6FF7900EA3115 /* left_navItem.png */,
				6E0B9F4F16F7057600EA3115 /* _left_navItem.png */,
				6E0B9F4716F6FF7900EA3115 /* left_navItem@2x.png */,
				6E0B9F5016F7057600EA3115 /* _left_navItem@2x.png */,
				6E0B9F4816F6FF7900EA3115 /* right_navItem.png */,
				6E0B9F5416F70BE200EA3115 /* _right_navItem.png */,
				6E0B9F4A16F6FF7900EA3115 /* right_navItem@2x.png */,
				6E0B9F5316F70BE100EA3115 /* _right_navItem@2x.png */,
				6EFAB7BC16F7F989003DD047 /* indexCell_bg@2x.png */,
				6EFAB7BD16F7F989003DD047 /* indexCell_bg.png */,
				6E77322216F9A043001E9DB2 /* indexCell_separator@2x.png */,
				6E77322316F9A043001E9DB2 /* indexCell_separator.png */,
				6EFAB7CC16F86514003DD047 /* index_cell0.png */,
				6EFAB7CD16F86514003DD047 /* index_cell0@2x.png */,
				6E0179AC16FB1A39009EBA07 /* feedBtn@2x.png */,
				6E0179AD16FB1A39009EBA07 /* feedBtn.png */,
				6EFAB7C016F83258003DD047 /* mainCover@2x.png */,
				6EFAB7C116F83258003DD047 /* mainCover.png */,
				6EBE08EC16FBDF6200A416A5 /* icon_big.png */,
				6EBE08EA16FBDF5E00A416A5 /* icon_small.png */,
				6EFAB7D016F86769003DD047 /* index_bg@2x.png */,
				6EFAB7D116F86769003DD047 /* index_bg.png */,
				6E01799B16FAE0C7009EBA07 /* adExample_i5@2x.PNG */,
				6E01799D16FAE12B009EBA07 /* adExample_i5.PNG */,
			);
			name = images;
			sourceTree = "<group>";
		};
		6E689F0616FD55B900BE6668 /* POJO */ = {
			isa = PBXGroup;
			children = (
				6E689F0716FD596E00BE6668 /* LQNotify.h */,
				6E689F0816FD596E00BE6668 /* LQNotify.m */,
			);
			name = POJO;
			sourceTree = "<group>";
		};
		6E77321116F95D29001E9DB2 /* left */ = {
			isa = PBXGroup;
			children = (
				6E77320D16F95D24001E9DB2 /* banjizhuye@2x.png */,
				6E77320E16F95D24001E9DB2 /* banjizhuye.png */,
				6E77322716F9A4D5001E9DB2 /* homePage_bg@2x.png */,
				6E77322616F9A4D5001E9DB2 /* homePage_bg.png */,
				6E77322A16F9A7B1001E9DB2 /* teacherPage_bg@2x.png */,
				6E77322B16F9A7B1001E9DB2 /* teacherPage_bg.png */,
			);
			name = left;
			sourceTree = "<group>";
		};
		6EBE08EE16FBF65A00A416A5 /* ClassHomePage */ = {
			isa = PBXGroup;
			children = (
				6EBE08EF16FBF67400A416A5 /* LQHomePageViewController.h */,
				6EBE08F016FBF67400A416A5 /* LQHomePageViewController.m */,
				6EBE08F116FBF67400A416A5 /* LQHomePageViewController.xib */,
			);
			name = ClassHomePage;
			sourceTree = "<group>";
		};
/* End PBXGroup section */

/* Begin PBXNativeTarget section */
		04DE8EAA16EF956000B4A58F /* 家长汇 */ = {
			isa = PBXNativeTarget;
			buildConfigurationList = 04DE8ECF16EF956100B4A58F /* Build configuration list for PBXNativeTarget "家长汇" */;
			buildPhases = (
				04DE8EA716EF956000B4A58F /* Sources */,
				04DE8EA816EF956000B4A58F /* Frameworks */,
				04DE8EA916EF956000B4A58F /* Resources */,
			);
			buildRules = (
			);
			dependencies = (
			);
			name = "家长汇";
			productName = TestSideView;
			productReference = 04DE8EAB16EF956000B4A58F /* 家长汇.app */;
			productType = "com.apple.product-type.application";
		};
/* End PBXNativeTarget section */

/* Begin PBXProject section */
		04DE8EA216EF956000B4A58F /* Project object */ = {
			isa = PBXProject;
			attributes = {
				CLASSPREFIX = LQ;
				LastUpgradeCheck = 0450;
				ORGANIZATIONNAME = M;
			};
			buildConfigurationList = 04DE8EA516EF956000B4A58F /* Build configuration list for PBXProject "家长汇" */;
			compatibilityVersion = "Xcode 3.2";
			developmentRegion = English;
			hasScannedForEncodings = 0;
			knownRegions = (
				en,
			);
			mainGroup = 04DE8EA016EF956000B4A58F;
			productRefGroup = 04DE8EAC16EF956000B4A58F /* Products */;
			projectDirPath = "";
			projectRoot = "";
			targets = (
				04DE8EAA16EF956000B4A58F /* 家长汇 */,
			);
		};
/* End PBXProject section */

/* Begin PBXResourcesBuildPhase section */
		04DE8EA916EF956000B4A58F /* Resources */ = {
			isa = PBXResourcesBuildPhase;
			buildActionMask = 2147483647;
			files = (
				04DE8EBA16EF956000B4A58F /* InfoPlist.strings in Resources */,
				04DE8EC216EF956100B4A58F /* Default.png in Resources */,
				04DE8EC416EF956100B4A58F /* Default@2x.png in Resources */,
				04DE8EC616EF956100B4A58F /* Default-568h@2x.png in Resources */,
				04DE8EC916EF956100B4A58F /* MainStoryboard.storyboard in Resources */,
				04DE8EDA16EF9B8100B4A58F /* View.xib in Resources */,
				04FED87B16F0E28A001F19E3 /* LQMenuViewController.xib in Resources */,
				04FED88316F0E486001F19E3 /* LQSetupViewController.xib in Resources */,
				04FED88516F0E9DB001F19E3 /* README.md in Resources */,
				6E0D0CB116F1CC20002C264A /* menuCell_bg.png in Resources */,
				6E0D0CB216F1CC20002C264A /* menuCell_bg@2x.png in Resources */,
				6E0D0CB516F1D02C002C264A /* menuCell_separator.png in Resources */,
				6E0D0CB616F1D02C002C264A /* menuCell_separator@2x.png in Resources */,
				6E09652116F31C3C0049E1E9 /* menuTable_bg@2x.png in Resources */,
				6E09652216F31C3C0049E1E9 /* menuTable_bg.png in Resources */,
				6E09652516F3214E0049E1E9 /* cell_icon.png in Resources */,
				6E09652616F3214E0049E1E9 /* cell_icon@2x.png in Resources */,
				04DFF6E416F4648100C1B28C /* bg-addbutton-highlighted.png in Resources */,
				04DFF6E516F4648100C1B28C /* bg-addbutton-highlighted@2x.png in Resources */,
				04DFF6E616F4648100C1B28C /* bg-addbutton.png in Resources */,
				04DFF6E716F4648100C1B28C /* bg-addbutton@2x.png in Resources */,
				04DFF6E816F4648100C1B28C /* bg-menuitem-highlighted.png in Resources */,
				04DFF6E916F4648100C1B28C /* bg-menuitem-highlighted@2x.png in Resources */,
				04DFF6EA16F4648100C1B28C /* bg-menuitem.png in Resources */,
				04DFF6EB16F4648100C1B28C /* bg-menuitem@2x.png in Resources */,
				04DFF6EC16F4648100C1B28C /* icon-plus-highlighted.png in Resources */,
				04DFF6ED16F4648100C1B28C /* icon-plus-highlighted@2x.png in Resources */,
				04DFF6EE16F4648100C1B28C /* icon-plus.png in Resources */,
				04DFF6EF16F4648100C1B28C /* icon-plus@2x.png in Resources */,
				04DFF6F016F4648100C1B28C /* icon-star.png in Resources */,
				04DFF6F116F4648100C1B28C /* icon-star@2x.png in Resources */,
				04DAF3E716F4A8C400E8031C /* LQMessageViewController.xib in Resources */,
				6E0B9F3C16F6E9F200EA3115 /* myUsername_btn@2x.png in Resources */,
				6E0B9F3D16F6E9F200EA3115 /* myUsername_btn.png in Resources */,
				6E0B9F4516F6F61A00EA3115 /* banner@2x.png in Resources */,
				6E0B9F4616F6F61A00EA3115 /* banner.png in Resources */,
				6E0B9F4B16F6FF7900EA3115 /* left_navItem@2x.png in Resources */,
				6E0B9F4C16F6FF7900EA3115 /* right_navItem.png in Resources */,
				6E0B9F4D16F6FF7900EA3115 /* left_navItem.png in Resources */,
				6E0B9F4E16F6FF7900EA3115 /* right_navItem@2x.png in Resources */,
				6E0B9F5116F7057600EA3115 /* _left_navItem.png in Resources */,
				6E0B9F5216F7057600EA3115 /* _left_navItem@2x.png in Resources */,
				6E0B9F5516F70BE200EA3115 /* _right_navItem@2x.png in Resources */,
				6E0B9F5616F70BE200EA3115 /* _right_navItem.png in Resources */,
				6E0B9F5916F7110E00EA3115 /* rightTopSearch.png in Resources */,
				6E0B9F5A16F7110E00EA3115 /* rightTopSearch@2x.png in Resources */,
				6E0B9F7516F7138600EA3115 /* roundIcon1.png in Resources */,
				6E0B9F7616F7138600EA3115 /* roundIcon4.png in Resources */,
				6E0B9F7716F7138600EA3115 /* roundIcon5.png in Resources */,
				6E0B9F7816F7138600EA3115 /* roundIcon3.png in Resources */,
				6E0B9F7916F7138600EA3115 /* roundIcon2.png in Resources */,
				6E0B9F7F16F7138E00EA3115 /* roundIcon4@2x.png in Resources */,
				6E0B9F8016F7138E00EA3115 /* roundIcon5@2x.png in Resources */,
				6E0B9F8116F7138E00EA3115 /* roundIcon1@2x.png in Resources */,
				6E0B9F8216F7138E00EA3115 /* roundIcon2@2x.png in Resources */,
				6E0B9F8316F7138E00EA3115 /* roundIcon3@2x.png in Resources */,
				6EFAB7BE16F7F989003DD047 /* indexCell_bg@2x.png in Resources */,
				6EFAB7BF16F7F989003DD047 /* indexCell_bg.png in Resources */,
				6EFAB7C216F83258003DD047 /* mainCover@2x.png in Resources */,
				6EFAB7C316F83258003DD047 /* mainCover.png in Resources */,
				6EFAB7C616F85AB6003DD047 /* right_bg@2x.png in Resources */,
				6EFAB7C716F85AB6003DD047 /* right_bg.png in Resources */,
				6EFAB7CA16F85FF8003DD047 /* right_bg_i5@2x.png in Resources */,
				6EFAB7CB16F85FF8003DD047 /* right_bg_i5.png in Resources */,
				6EFAB7CE16F86514003DD047 /* index_cell0.png in Resources */,
				6EFAB7CF16F86514003DD047 /* index_cell0@2x.png in Resources */,
				6EFAB7D216F8676A003DD047 /* index_bg@2x.png in Resources */,
				6EFAB7D316F8676A003DD047 /* index_bg.png in Resources */,
				6E77320F16F95D24001E9DB2 /* banjizhuye@2x.png in Resources */,
				6E77321016F95D24001E9DB2 /* banjizhuye.png in Resources */,
				6E77321416F95EB6001E9DB2 /* banjichengyuan@2x.png in Resources */,
				6E77321516F95EB6001E9DB2 /* banjichengyuan.png in Resources */,
				6E77321A16F9623C001E9DB2 /* _right_inputBtn.png in Resources */,
				6E77321B16F9623C001E9DB2 /* _right_inputBtn@2x.png in Resources */,
				6E77321C16F9623C001E9DB2 /* right_inputBtn.png in Resources */,
				6E77321D16F9623C001E9DB2 /* right_inputBtn@2x.png in Resources */,
				6E77322016F9657B001E9DB2 /* banji_bg@2x.png in Resources */,
				6E77322116F9657B001E9DB2 /* banji_bg.png in Resources */,
				6E77322416F9A043001E9DB2 /* indexCell_separator@2x.png in Resources */,
				6E77322516F9A043001E9DB2 /* indexCell_separator.png in Resources */,
				6E77322816F9A4D5001E9DB2 /* homePage_bg.png in Resources */,
				6E77322916F9A4D5001E9DB2 /* homePage_bg@2x.png in Resources */,
				6E77322C16F9A7B1001E9DB2 /* teacherPage_bg@2x.png in Resources */,
				6E77322D16F9A7B1001E9DB2 /* teacherPage_bg.png in Resources */,
				6E28DCA716F9CD000035F100 /* refresh@2x.png in Resources */,
				6E28DCA816F9CD000035F100 /* refresh.png in Resources */,
				6E28DCAD16F9DED70035F100 /* nav_in.aif in Resources */,
				6E28DCAE16F9DED70035F100 /* nav_out.aif in Resources */,
				6E01799C16FAE0C7009EBA07 /* adExample_i5@2x.PNG in Resources */,
				6E01799E16FAE12B009EBA07 /* adExample_i5.PNG in Resources */,
				6E0179AA16FB14DE009EBA07 /* setup@2x.png in Resources */,
				6E0179AB16FB14DE009EBA07 /* setup.png in Resources */,
				6E0179AE16FB1A39009EBA07 /* feedBtn@2x.png in Resources */,
				6E0179AF16FB1A39009EBA07 /* feedBtn.png in Resources */,
				6EBE08EB16FBDF5E00A416A5 /* icon_small.png in Resources */,
				6EBE08ED16FBDF6200A416A5 /* icon_big.png in Resources */,
				6EBE08F316FBF67400A416A5 /* LQHomePageViewController.xib in Resources */,
			);
			runOnlyForDeploymentPostprocessing = 0;
		};
/* End PBXResourcesBuildPhase section */

/* Begin PBXSourcesBuildPhase section */
		04DE8EA716EF956000B4A58F /* Sources */ = {
			isa = PBXSourcesBuildPhase;
			buildActionMask = 2147483647;
			files = (
				04DE8EBC16EF956100B4A58F /* main.m in Sources */,
				04DE8EC016EF956100B4A58F /* LQAppDelegate.m in Sources */,
				04DE8ECC16EF956100B4A58F /* LQViewController.m in Sources */,
				04DE8ED816EF9A2400B4A58F /* PPRevealSideViewController.m in Sources */,
				04FED87A16F0E28A001F19E3 /* LQMenuViewController.m in Sources */,
				04FED88216F0E486001F19E3 /* LQSetupViewController.m in Sources */,
				04DFF6F816F464E600C1B28C /* AwesomeMenu.m in Sources */,
				04DFF6F916F464E600C1B28C /* AwesomeMenuItem.m in Sources */,
				04DAF3E616F4A8C400E8031C /* LQMessageViewController.m in Sources */,
				6EBE08F216FBF67400A416A5 /* LQHomePageViewController.m in Sources */,
				6E689F0916FD596E00BE6668 /* LQNotify.m in Sources */,
			);
			runOnlyForDeploymentPostprocessing = 0;
		};
/* End PBXSourcesBuildPhase section */

/* Begin PBXVariantGroup section */
		04DE8EB816EF956000B4A58F /* InfoPlist.strings */ = {
			isa = PBXVariantGroup;
			children = (
				04DE8EB916EF956000B4A58F /* en */,
			);
			name = InfoPlist.strings;
			sourceTree = "<group>";
		};
		04DE8EC716EF956100B4A58F /* MainStoryboard.storyboard */ = {
			isa = PBXVariantGroup;
			children = (
				04DE8EC816EF956100B4A58F /* en */,
			);
			name = MainStoryboard.storyboard;
			sourceTree = "<group>";
		};
/* End PBXVariantGroup section */

/* Begin XCBuildConfiguration section */
		04DE8ECD16EF956100B4A58F /* Debug */ = {
			isa = XCBuildConfiguration;
			buildSettings = {
				ALWAYS_SEARCH_USER_PATHS = NO;
				CLANG_CXX_LANGUAGE_STANDARD = "gnu++0x";
				CLANG_CXX_LIBRARY = "libc++";
				CLANG_ENABLE_OBJC_ARC = YES;
				CLANG_WARN_EMPTY_BODY = YES;
				CLANG_WARN__DUPLICATE_METHOD_MATCH = YES;
				"CODE_SIGN_IDENTITY[sdk=iphoneos*]" = "iPhone Developer";
				COPY_PHASE_STRIP = NO;
				GCC_C_LANGUAGE_STANDARD = gnu99;
				GCC_DYNAMIC_NO_PIC = NO;
				GCC_OPTIMIZATION_LEVEL = 0;
				GCC_PREPROCESSOR_DEFINITIONS = (
					"DEBUG=1",
					"$(inherited)",
				);
				GCC_SYMBOLS_PRIVATE_EXTERN = NO;
				GCC_WARN_ABOUT_RETURN_TYPE = YES;
				GCC_WARN_UNINITIALIZED_AUTOS = YES;
				GCC_WARN_UNUSED_VARIABLE = YES;
				IPHONEOS_DEPLOYMENT_TARGET = 6.0;
				SDKROOT = iphoneos;
			};
			name = Debug;
		};
		04DE8ECE16EF956100B4A58F /* Release */ = {
			isa = XCBuildConfiguration;
			buildSettings = {
				ALWAYS_SEARCH_USER_PATHS = NO;
				CLANG_CXX_LANGUAGE_STANDARD = "gnu++0x";
				CLANG_CXX_LIBRARY = "libc++";
				CLANG_ENABLE_OBJC_ARC = YES;
				CLANG_WARN_EMPTY_BODY = YES;
				CLANG_WARN__DUPLICATE_METHOD_MATCH = YES;
				"CODE_SIGN_IDENTITY[sdk=iphoneos*]" = "iPhone Developer";
				COPY_PHASE_STRIP = YES;
				GCC_C_LANGUAGE_STANDARD = gnu99;
				GCC_WARN_ABOUT_RETURN_TYPE = YES;
				GCC_WARN_UNINITIALIZED_AUTOS = YES;
				GCC_WARN_UNUSED_VARIABLE = YES;
				IPHONEOS_DEPLOYMENT_TARGET = 6.0;
				OTHER_CFLAGS = "-DNS_BLOCK_ASSERTIONS=1";
				SDKROOT = iphoneos;
				VALIDATE_PRODUCT = YES;
			};
			name = Release;
		};
		04DE8ED016EF956100B4A58F /* Debug */ = {
			isa = XCBuildConfiguration;
			buildSettings = {
				GCC_PRECOMPILE_PREFIX_HEADER = YES;
				GCC_PREFIX_HEADER = "TestSideView/家长汇-Prefix.pch";
				INFOPLIST_FILE = "TestSideView/家长汇-Info.plist";
				IPHONEOS_DEPLOYMENT_TARGET = 5.1;
				PRODUCT_NAME = "家长汇";
				WRAPPER_EXTENSION = app;
			};
			name = Debug;
		};
		04DE8ED116EF956100B4A58F /* Release */ = {
			isa = XCBuildConfiguration;
			buildSettings = {
				GCC_PRECOMPILE_PREFIX_HEADER = YES;
				GCC_PREFIX_HEADER = "TestSideView/家长汇-Prefix.pch";
				INFOPLIST_FILE = "TestSideView/家长汇-Info.plist";
				IPHONEOS_DEPLOYMENT_TARGET = 5.1;
				PRODUCT_NAME = "家长汇";
				WRAPPER_EXTENSION = app;
			};
			name = Release;
		};
/* End XCBuildConfiguration section */

/* Begin XCConfigurationList section */
		04DE8EA516EF956000B4A58F /* Build configuration list for PBXProject "家长汇" */ = {
			isa = XCConfigurationList;
			buildConfigurations = (
				04DE8ECD16EF956100B4A58F /* Debug */,
				04DE8ECE16EF956100B4A58F /* Release */,
			);
			defaultConfigurationIsVisible = 0;
			defaultConfigurationName = Release;
		};
		04DE8ECF16EF956100B4A58F /* Build configuration list for PBXNativeTarget "家长汇" */ = {
			isa = XCConfigurationList;
			buildConfigurations = (
				04DE8ED016EF956100B4A58F /* Debug */,
				04DE8ED116EF956100B4A58F /* Release */,
			);
			defaultConfigurationIsVisible = 0;
			defaultConfigurationName = Release;
		};
/* End XCConfigurationList section */
	};
	rootObject = 04DE8EA216EF956000B4A58F /* Project object */;
}
